<?xml version="1.0" encoding="utf-8"?>
<Project ToolsVersion="4.0" xmlns="http://schemas.microsoft.com/developer/msbuild/2003">
  <ItemGroup>
    <Filter Include="Source Files">
      <UniqueIdentifier>{4FC737F1-C7A5-4376-A066-2A32D752A2FF}</UniqueIdentifier>
      <Extensions>cpp;c;cc;cxx;def;odl;idl;hpj;bat;asm;asmx</Extensions>
    </Filter>
    <Filter Include="Header Files">
      <UniqueIdentifier>{93995380-89BD-4b04-88EB-625FBE52EBFB}</UniqueIdentifier>
      <Extensions>h;hh;hpp;hxx;hm;inl;inc;xsd</Extensions>
    </Filter>
    <Filter Include="Resource Files">
      <UniqueIdentifier>{67DA6AB6-F800-4c08-8B7A-83BB121AAD01}</UniqueIdentifier>
      <Extensions>rc;ico;cur;bmp;dlg;rc2;rct;bin;rgs;gif;jpg;jpeg;jpe;resx;tiff;tif;png;wav</Extensions>
    </Filter>
  </ItemGroup>
  <ItemGroup>
    <ClCompile Include="BattleBot.cpp">
      <Filter>Source Files</Filter>
    </ClCompile>
    <ClCompile Include="main.cpp">
      <Filter>Source Files</Filter>
    </ClCompile>
    <ClCompile Include="SetUp.cpp">
      <Filter>Source Files</Filter>
    </ClCompile>
    <ClCompile Include="ShipMap.cpp">
      <Filter>Source Files</Filter>
    </ClCompile>
  </ItemGroup>
  <ItemGroup>
    <ClInclude Include="BattleBot.h">
      <Filter>Header Files</Filter>
    </ClInclude>
    <ClInclude Include="SetUp.h">
      <Filter>Header Files</Filter>
    </ClInclude>
    <ClInclude Include="ShipMap.h">
      <Filter>Header Files</Filter>
    </ClInclude>
  </ItemGroup>
  <ItemGroup>
    <None Include="documentation\html\annotated.html" />
    <None Include="documentation\html\classes.html" />
    <None Include="documentation\html\class_set_up-members.html" />
    <None Include="documentation\html\class_set_up.html" />
    <None Include="documentation\html\class_ship_map-members.html" />
    <None Include="documentation\html\class_ship_map.html" />
    <None Include="documentation\html\dir_3666e88779409953406331dc57ee3b15.html" />
    <None Include="documentation\html\dir_71d48faec03b3bf36c866abca919aba1.html" />
    <None Include="documentation\html\dir_f9dfd35b172a0e2036ace76497fb239b.html" />
    <None Include="documentation\html\files.html" />
    <None Include="documentation\html\functions.html" />
    <None Include="documentation\html\functions_func.html" />
    <None Include="documentation\html\functions_vars.html" />
    <None Include="documentation\html\globals.html" />
    <None Include="documentation\html\globals_func.html" />
    <None Include="documentation\html\index.html" />
    <None Include="documentation\html\main_8cpp.html" />
    <None Include="documentation\html\md__documentation__r_e_a_d_m_e.html" />
    <None Include="documentation\html\md___users_cabennetts__desktop_proj1__e_e_c_s_448____battle_ship__documentation__r_e_a_d_m_e.html" />
    <None Include="documentation\html\pages.html" />
    <None Include="documentation\html\_main_8hpp.html" />
    <None Include="documentation\html\_main_8hpp_source.html" />
    <None Include="documentation\html\_r_e_a_d_m_e_8md.html" />
    <None Include="documentation\html\_set_up_8cpp.html" />
    <None Include="documentation\html\_set_up_8h.html" />
    <None Include="documentation\html\_set_up_8h_source.html" />
    <None Include="documentation\html\_ship_map_8cpp.html" />
    <None Include="documentation\html\_ship_map_8h.html" />
    <None Include="documentation\html\_ship_map_8hpp.html" />
    <None Include="documentation\html\_ship_map_8hpp_source.html" />
    <None Include="documentation\html\_ship_map_8h_source.html" />
    <None Include="documentation\html\search\all_0.html" />
    <None Include="documentation\html\search\all_1.html" />
    <None Include="documentation\html\search\all_2.html" />
    <None Include="documentation\html\search\all_3.html" />
    <None Include="documentation\html\search\all_4.html" />
    <None Include="documentation\html\search\all_5.html" />
    <None Include="documentation\html\search\all_6.html" />
    <None Include="documentation\html\search\all_7.html" />
    <None Include="documentation\html\search\classes_0.html" />
    <None Include="documentation\html\search\files_0.html" />
    <None Include="documentation\html\search\files_1.html" />
    <None Include="documentation\html\search\files_2.html" />
    <None Include="documentation\html\search\functions_0.html" />
    <None Include="documentation\html\search\functions_1.html" />
    <None Include="documentation\html\search\functions_2.html" />
    <None Include="documentation\html\search\functions_3.html" />
    <None Include="documentation\html\search\functions_4.html" />
    <None Include="documentation\html\search\functions_5.html" />
    <None Include="documentation\html\search\functions_6.html" />
    <None Include="documentation\html\search\functions_7.html" />
    <None Include="documentation\html\search\nomatches.html" />
    <None Include="documentation\html\search\pages_0.html" />
    <None Include="documentation\html\search\variables_0.html" />
    <None Include="documentation\html\search\variables_1.html" />
  </ItemGroup>
</Project>